
Microsoft Visual Studio Solution File, Format Version 12.00
# Visual Studio 14
VisualStudioVersion = 14.0.25420.1
MinimumVisualStudioVersion = 10.0.40219.1
Project("{FAE04EC0-301F-11D3-BF4B-00C04F79EFBC}") = "XamMusic", "XamMusic\XamMusic\XamMusic.csproj", "{3E0425AE-5CF3-4C4A-8B02-DE1122BF96C5}"
EndProject
Project("{FAE04EC0-301F-11D3-BF4B-00C04F79EFBC}") = "XamMusic.Droid", "XamMusic\XamMusic.Droid\XamMusic.Droid.csproj", "{DB67B6BB-1A12-49DB-8308-94ACB5453D57}"
EndProject
Project("{FAE04EC0-301F-11D3-BF4B-00C04F79EFBC}") = "XamMusic.iOS", "XamMusic\XamMusic.iOS\XamMusic.iOS.csproj", "{67FD78C0-3B30-48AD-9625-93C1C739A7B2}"
EndProject
Global
	GlobalSection(SolutionConfigurationPlatforms) = preSolution
		Ad-Hoc|Any CPU = Ad-Hoc|Any CPU
		Ad-Hoc|ARM = Ad-Hoc|ARM
		Ad-Hoc|iPhone = Ad-Hoc|iPhone
		Ad-Hoc|iPhoneSimulator = Ad-Hoc|iPhoneSimulator
		Ad-Hoc|x64 = Ad-Hoc|x64
		Ad-Hoc|x86 = Ad-Hoc|x86
		AppStore|Any CPU = AppStore|Any CPU
		AppStore|ARM = AppStore|ARM
		AppStore|iPhone = AppStore|iPhone
		AppStore|iPhoneSimulator = AppStore|iPhoneSimulator
		AppStore|x64 = AppStore|x64
		AppStore|x86 = AppStore|x86
		Debug|Any CPU = Debug|Any CPU
		Debug|ARM = Debug|ARM
		Debug|iPhone = Debug|iPhone
		Debug|iPhoneSimulator = Debug|iPhoneSimulator
		Debug|x64 = Debug|x64
		Debug|x86 = Debug|x86
		Release|Any CPU = Release|Any CPU
		Release|ARM = Release|ARM
		Release|iPhone = Release|iPhone
		Release|iPhoneSimulator = Release|iPhoneSimulator
		Release|x64 = Release|x64
		Release|x86 = Release|x86
	EndGlobalSection
	GlobalSection(ProjectConfigurationPlatforms) = postSolution
		{3E0425AE-5CF3-4C4A-8B02-DE1122BF96C5}.Ad-Hoc|Any CPU.ActiveCfg = Release|Any CPU
		{3E0425AE-5CF3-4C4A-8B02-DE1122BF96C5}.Ad-Hoc|Any CPU.Build.0 = Release|Any CPU
		{3E0425AE-5CF3-4C4A-8B02-DE1122BF96C5}.Ad-Hoc|ARM.ActiveCfg = Release|Any CPU
		{3E0425AE-5CF3-4C4A-8B02-DE1122BF96C5}.Ad-Hoc|ARM.Build.0 = Release|Any CPU
		{3E0425AE-5CF3-4C4A-8B02-DE1122BF96C5}.Ad-Hoc|iPhone.ActiveCfg = Release|Any CPU
		{3E0425AE-5CF3-4C4A-8B02-DE1122BF96C5}.Ad-Hoc|iPhone.Build.0 = Release|Any CPU
		{3E0425AE-5CF3-4C4A-8B02-DE1122BF96C5}.Ad-Hoc|iPhoneSimulator.ActiveCfg = Release|Any CPU
		{3E0425AE-5CF3-4C4A-8B02-DE1122BF96C5}.Ad-Hoc|iPhoneSimulator.Build.0 = Release|Any CPU
		{3E0425AE-5CF3-4C4A-8B02-DE1122BF96C5}.Ad-Hoc|x64.ActiveCfg = Release|Any CPU
		{3E0425AE-5CF3-4C4A-8B02-DE1122BF96C5}.Ad-Hoc|x64.Build.0 = Release|Any CPU
		{3E0425AE-5CF3-4C4A-8B02-DE1122BF96C5}.Ad-Hoc|x86.ActiveCfg = Release|Any CPU
		{3E0425AE-5CF3-4C4A-8B02-DE1122BF96C5}.Ad-Hoc|x86.Build.0 = Release|Any CPU
		{3E0425AE-5CF3-4C4A-8B02-DE1122BF96C5}.AppStore|Any CPU.ActiveCfg = Release|Any CPU
		{3E0425AE-5CF3-4C4A-8B02-DE1122BF96C5}.AppStore|Any CPU.Build.0 = Release|Any CPU
		{3E0425AE-5CF3-4C4A-8B02-DE1122BF96C5}.AppStore|ARM.ActiveCfg = Release|Any CPU
		{3E0425AE-5CF3-4C4A-8B02-DE1122BF96C5}.AppStore|ARM.Build.0 = Release|Any CPU
		{3E0425AE-5CF3-4C4A-8B02-DE1122BF96C5}.AppStore|iPhone.ActiveCfg = Release|Any CPU
		{3E0425AE-5CF3-4C4A-8B02-DE1122BF96C5}.AppStore|iPhone.Build.0 = Release|Any CPU
		{3E0425AE-5CF3-4C4A-8B02-DE1122BF96C5}.AppStore|iPhoneSimulator.ActiveCfg = Release|Any CPU
		{3E0425AE-5CF3-4C4A-8B02-DE1122BF96C5}.AppStore|iPhoneSimulator.Build.0 = Release|Any CPU
		{3E0425AE-5CF3-4C4A-8B02-DE1122BF96C5}.AppStore|x64.ActiveCfg = Release|Any CPU
		{3E0425AE-5CF3-4C4A-8B02-DE1122BF96C5}.AppStore|x64.Build.0 = Release|Any CPU
		{3E0425AE-5CF3-4C4A-8B02-DE1122BF96C5}.AppStore|x86.ActiveCfg = Release|Any CPU
		{3E0425AE-5CF3-4C4A-8B02-DE1122BF96C5}.AppStore|x86.Build.0 = Release|Any CPU
		{3E0425AE-5CF3-4C4A-8B02-DE1122BF96C5}.Debug|Any CPU.ActiveCfg = Debug|Any CPU
		{3E0425AE-5CF3-4C4A-8B02-DE1122BF96C5}.Debug|Any CPU.Build.0 = Debug|Any CPU
		{3E0425AE-5CF3-4C4A-8B02-DE1122BF96C5}.Debug|ARM.ActiveCfg = Debug|Any CPU
		{3E0425AE-5CF3-4C4A-8B02-DE1122BF96C5}.Debug|ARM.Build.0 = Debug|Any CPU
		{3E0425AE-5CF3-4C4A-8B02-DE1122BF96C5}.Debug|iPhone.ActiveCfg = Debug|Any CPU
		{3E0425AE-5CF3-4C4A-8B02-DE1122BF96C5}.Debug|iPhone.Build.0 = Debug|Any CPU
		{3E0425AE-5CF3-4C4A-8B02-DE1122BF96C5}.Debug|iPhoneSimulator.ActiveCfg = Debug|Any CPU
		{3E0425AE-5CF3-4C4A-8B02-DE1122BF96C5}.Debug|iPhoneSimulator.Build.0 = Debug|Any CPU
		{3E0425AE-5CF3-4C4A-8B02-DE1122BF96C5}.Debug|x64.ActiveCfg = Debug|Any CPU
		{3E0425AE-5CF3-4C4A-8B02-DE1122BF96C5}.Debug|x64.Build.0 = Debug|Any CPU
		{3E0425AE-5CF3-4C4A-8B02-DE1122BF96C5}.Debug|x86.ActiveCfg = Debug|Any CPU
		{3E0425AE-5CF3-4C4A-8B02-DE1122BF96C5}.Debug|x86.Build.0 = Debug|Any CPU
		{3E0425AE-5CF3-4C4A-8B02-DE1122BF96C5}.Release|Any CPU.ActiveCfg = Release|Any CPU
		{3E0425AE-5CF3-4C4A-8B02-DE1122BF96C5}.Release|Any CPU.Build.0 = Release|Any CPU
		{3E0425AE-5CF3-4C4A-8B02-DE1122BF96C5}.Release|ARM.ActiveCfg = Release|Any CPU
		{3E0425AE-5CF3-4C4A-8B02-DE1122BF96C5}.Release|ARM.Build.0 = Release|Any CPU
		{3E0425AE-5CF3-4C4A-8B02-DE1122BF96C5}.Release|iPhone.ActiveCfg = Release|Any CPU
		{3E0425AE-5CF3-4C4A-8B02-DE1122BF96C5}.Release|iPhone.Build.0 = Release|Any CPU
		{3E0425AE-5CF3-4C4A-8B02-DE1122BF96C5}.Release|iPhoneSimulator.ActiveCfg = Release|Any CPU
		{3E0425AE-5CF3-4C4A-8B02-DE1122BF96C5}.Release|iPhoneSimulator.Build.0 = Release|Any CPU
		{3E0425AE-5CF3-4C4A-8B02-DE1122BF96C5}.Release|x64.ActiveCfg = Release|Any CPU
		{3E0425AE-5CF3-4C4A-8B02-DE1122BF96C5}.Release|x64.Build.0 = Release|Any CPU
		{3E0425AE-5CF3-4C4A-8B02-DE1122BF96C5}.Release|x86.ActiveCfg = Release|Any CPU
		{3E0425AE-5CF3-4C4A-8B02-DE1122BF96C5}.Release|x86.Build.0 = Release|Any CPU
		{DB67B6BB-1A12-49DB-8308-94ACB5453D57}.Ad-Hoc|Any CPU.ActiveCfg = Release|Any CPU
		{DB67B6BB-1A12-49DB-8308-94ACB5453D57}.Ad-Hoc|Any CPU.Build.0 = Release|Any CPU
		{DB67B6BB-1A12-49DB-8308-94ACB5453D57}.Ad-Hoc|Any CPU.Deploy.0 = Release|Any CPU
		{DB67B6BB-1A12-49DB-8308-94ACB5453D57}.Ad-Hoc|ARM.ActiveCfg = Release|Any CPU
		{DB67B6BB-1A12-49DB-8308-94ACB5453D57}.Ad-Hoc|ARM.Build.0 = Release|Any CPU
		{DB67B6BB-1A12-49DB-8308-94ACB5453D57}.Ad-Hoc|ARM.Deploy.0 = Release|Any CPU
		{DB67B6BB-1A12-49DB-8308-94ACB5453D57}.Ad-Hoc|iPhone.ActiveCfg = Release|Any CPU
		{DB67B6BB-1A12-49DB-8308-94ACB5453D57}.Ad-Hoc|iPhone.Build.0 = Release|Any CPU
		{DB67B6BB-1A12-49DB-8308-94ACB5453D57}.Ad-Hoc|iPhone.Deploy.0 = Release|Any CPU
		{DB67B6BB-1A12-49DB-8308-94ACB5453D57}.Ad-Hoc|iPhoneSimulator.ActiveCfg = Release|Any CPU
		{DB67B6BB-1A12-49DB-8308-94ACB5453D57}.Ad-Hoc|iPhoneSimulator.Build.0 = Release|Any CPU
		{DB67B6BB-1A12-49DB-8308-94ACB5453D57}.Ad-Hoc|iPhoneSimulator.Deploy.0 = Release|Any CPU
		{DB67B6BB-1A12-49DB-8308-94ACB5453D57}.Ad-Hoc|x64.ActiveCfg = Release|Any CPU
		{DB67B6BB-1A12-49DB-8308-94ACB5453D57}.Ad-Hoc|x64.Build.0 = Release|Any CPU
		{DB67B6BB-1A12-49DB-8308-94ACB5453D57}.Ad-Hoc|x64.Deploy.0 = Release|Any CPU
		{DB67B6BB-1A12-49DB-8308-94ACB5453D57}.Ad-Hoc|x86.ActiveCfg = Release|Any CPU
		{DB67B6BB-1A12-49DB-8308-94ACB5453D57}.Ad-Hoc|x86.Build.0 = Release|Any CPU
		{DB67B6BB-1A12-49DB-8308-94ACB5453D57}.Ad-Hoc|x86.Deploy.0 = Release|Any CPU
		{DB67B6BB-1A12-49DB-8308-94ACB5453D57}.AppStore|Any CPU.ActiveCfg = Release|Any CPU
		{DB67B6BB-1A12-49DB-8308-94ACB5453D57}.AppStore|Any CPU.Build.0 = Release|Any CPU
		{DB67B6BB-1A12-49DB-8308-94ACB5453D57}.AppStore|Any CPU.Deploy.0 = Release|Any CPU
		{DB67B6BB-1A12-49DB-8308-94ACB5453D57}.AppStore|ARM.ActiveCfg = Release|Any CPU
		{DB67B6BB-1A12-49DB-8308-94ACB5453D57}.AppStore|ARM.Build.0 = Release|Any CPU
		{DB67B6BB-1A12-49DB-8308-94ACB5453D57}.AppStore|ARM.Deploy.0 = Release|Any CPU
		{DB67B6BB-1A12-49DB-8308-94ACB5453D57}.AppStore|iPhone.ActiveCfg = Release|Any CPU
		{DB67B6BB-1A12-49DB-8308-94ACB5453D57}.AppStore|iPhone.Build.0 = Release|Any CPU
		{DB67B6BB-1A12-49DB-8308-94ACB5453D57}.AppStore|iPhone.Deploy.0 = Release|Any CPU
		{DB67B6BB-1A12-49DB-8308-94ACB5453D57}.AppStore|iPhoneSimulator.ActiveCfg = Release|Any CPU
		{DB67B6BB-1A12-49DB-8308-94ACB5453D57}.AppStore|iPhoneSimulator.Build.0 = Release|Any CPU
		{DB67B6BB-1A12-49DB-8308-94ACB5453D57}.AppStore|iPhoneSimulator.Deploy.0 = Release|Any CPU
		{DB67B6BB-1A12-49DB-8308-94ACB5453D57}.AppStore|x64.ActiveCfg = Release|Any CPU
		{DB67B6BB-1A12-49DB-8308-94ACB5453D57}.AppStore|x64.Build.0 = Release|Any CPU
		{DB67B6BB-1A12-49DB-8308-94ACB5453D57}.AppStore|x64.Deploy.0 = Release|Any CPU
		{DB67B6BB-1A12-49DB-8308-94ACB5453D57}.AppStore|x86.ActiveCfg = Release|Any CPU
		{DB67B6BB-1A12-49DB-8308-94ACB5453D57}.AppStore|x86.Build.0 = Release|Any CPU
		{DB67B6BB-1A12-49DB-8308-94ACB5453D57}.AppStore|x86.Deploy.0 = Release|Any CPU
		{DB67B6BB-1A12-49DB-8308-94ACB5453D57}.Debug|Any CPU.ActiveCfg = Debug|Any CPU
		{DB67B6BB-1A12-49DB-8308-94ACB5453D57}.Debug|Any CPU.Build.0 = Debug|Any CPU
		{DB67B6BB-1A12-49DB-8308-94ACB5453D57}.Debug|Any CPU.Deploy.0 = Debug|Any CPU
		{DB67B6BB-1A12-49DB-8308-94ACB5453D57}.Debug|ARM.ActiveCfg = Debug|Any CPU
		{DB67B6BB-1A12-49DB-8308-94ACB5453D57}.Debug|ARM.Build.0 = Debug|Any CPU
		{DB67B6BB-1A12-49DB-8308-94ACB5453D57}.Debug|ARM.Deploy.0 = Debug|Any CPU
		{DB67B6BB-1A12-49DB-8308-94ACB5453D57}.Debug|iPhone.ActiveCfg = Debug|Any CPU
		{DB67B6BB-1A12-49DB-8308-94ACB5453D57}.Debug|iPhone.Build.0 = Debug|Any CPU
		{DB67B6BB-1A12-49DB-8308-94ACB5453D57}.Debug|iPhone.Deploy.0 = Debug|Any CPU
		{DB67B6BB-1A12-49DB-8308-94ACB5453D57}.Debug|iPhoneSimulator.ActiveCfg = Debug|Any CPU
		{DB67B6BB-1A12-49DB-8308-94ACB5453D57}.Debug|iPhoneSimulator.Build.0 = Debug|Any CPU
		{DB67B6BB-1A12-49DB-8308-94ACB5453D57}.Debug|iPhoneSimulator.Deploy.0 = Debug|Any CPU
		{DB67B6BB-1A12-49DB-8308-94ACB5453D57}.Debug|x64.ActiveCfg = Debug|Any CPU
		{DB67B6BB-1A12-49DB-8308-94ACB5453D57}.Debug|x64.Build.0 = Debug|Any CPU
		{DB67B6BB-1A12-49DB-8308-94ACB5453D57}.Debug|x64.Deploy.0 = Debug|Any CPU
		{DB67B6BB-1A12-49DB-8308-94ACB5453D57}.Debug|x86.ActiveCfg = Debug|Any CPU
		{DB67B6BB-1A12-49DB-8308-94ACB5453D57}.Debug|x86.Build.0 = Debug|Any CPU
		{DB67B6BB-1A12-49DB-8308-94ACB5453D57}.Debug|x86.Deploy.0 = Debug|Any CPU
		{DB67B6BB-1A12-49DB-8308-94ACB5453D57}.Release|Any CPU.ActiveCfg = Release|Any CPU
		{DB67B6BB-1A12-49DB-8308-94ACB5453D57}.Release|Any CPU.Build.0 = Release|Any CPU
		{DB67B6BB-1A12-49DB-8308-94ACB5453D57}.Release|Any CPU.Deploy.0 = Release|Any CPU
		{DB67B6BB-1A12-49DB-8308-94ACB5453D57}.Release|ARM.ActiveCfg = Release|Any CPU
		{DB67B6BB-1A12-49DB-8308-94ACB5453D57}.Release|ARM.Build.0 = Release|Any CPU
		{DB67B6BB-1A12-49DB-8308-94ACB5453D57}.Release|ARM.Deploy.0 = Release|Any CPU
		{DB67B6BB-1A12-49DB-8308-94ACB5453D57}.Release|iPhone.ActiveCfg = Release|Any CPU
		{DB67B6BB-1A12-49DB-8308-94ACB5453D57}.Release|iPhone.Build.0 = Release|Any CPU
		{DB67B6BB-1A12-49DB-8308-94ACB5453D57}.Release|iPhone.Deploy.0 = Release|Any CPU
		{DB67B6BB-1A12-49DB-8308-94ACB5453D57}.Release|iPhoneSimulator.ActiveCfg = Release|Any CPU
		{DB67B6BB-1A12-49DB-8308-94ACB5453D57}.Release|iPhoneSimulator.Build.0 = Release|Any CPU
		{DB67B6BB-1A12-49DB-8308-94ACB5453D57}.Release|iPhoneSimulator.Deploy.0 = Release|Any CPU
		{DB67B6BB-1A12-49DB-8308-94ACB5453D57}.Release|x64.ActiveCfg = Release|Any CPU
		{DB67B6BB-1A12-49DB-8308-94ACB5453D57}.Release|x64.Build.0 = Release|Any CPU
		{DB67B6BB-1A12-49DB-8308-94ACB5453D57}.Release|x64.Deploy.0 = Release|Any CPU
		{DB67B6BB-1A12-49DB-8308-94ACB5453D57}.Release|x86.ActiveCfg = Release|Any CPU
		{DB67B6BB-1A12-49DB-8308-94ACB5453D57}.Release|x86.Build.0 = Release|Any CPU
		{DB67B6BB-1A12-49DB-8308-94ACB5453D57}.Release|x86.Deploy.0 = Release|Any CPU
		{67FD78C0-3B30-48AD-9625-93C1C739A7B2}.Ad-Hoc|Any CPU.ActiveCfg = Ad-Hoc|iPhone
		{67FD78C0-3B30-48AD-9625-93C1C739A7B2}.Ad-Hoc|ARM.ActiveCfg = Ad-Hoc|iPhone
		{67FD78C0-3B30-48AD-9625-93C1C739A7B2}.Ad-Hoc|iPhone.ActiveCfg = Ad-Hoc|iPhone
		{67FD78C0-3B30-48AD-9625-93C1C739A7B2}.Ad-Hoc|iPhone.Build.0 = Ad-Hoc|iPhone
		{67FD78C0-3B30-48AD-9625-93C1C739A7B2}.Ad-Hoc|iPhoneSimulator.ActiveCfg = Ad-Hoc|iPhoneSimulator
		{67FD78C0-3B30-48AD-9625-93C1C739A7B2}.Ad-Hoc|iPhoneSimulator.Build.0 = Ad-Hoc|iPhoneSimulator
		{67FD78C0-3B30-48AD-9625-93C1C739A7B2}.Ad-Hoc|x64.ActiveCfg = Ad-Hoc|iPhone
		{67FD78C0-3B30-48AD-9625-93C1C739A7B2}.Ad-Hoc|x86.ActiveCfg = Ad-Hoc|iPhone
		{67FD78C0-3B30-48AD-9625-93C1C739A7B2}.AppStore|Any CPU.ActiveCfg = AppStore|iPhone
		{67FD78C0-3B30-48AD-9625-93C1C739A7B2}.AppStore|ARM.ActiveCfg = AppStore|iPhone
		{67FD78C0-3B30-48AD-9625-93C1C739A7B2}.AppStore|iPhone.ActiveCfg = AppStore|iPhone
		{67FD78C0-3B30-48AD-9625-93C1C739A7B2}.AppStore|iPhone.Build.0 = AppStore|iPhone
		{67FD78C0-3B30-48AD-9625-93C1C739A7B2}.AppStore|iPhoneSimulator.ActiveCfg = AppStore|iPhoneSimulator
		{67FD78C0-3B30-48AD-9625-93C1C739A7B2}.AppStore|iPhoneSimulator.Build.0 = AppStore|iPhoneSimulator
		{67FD78C0-3B30-48AD-9625-93C1C739A7B2}.AppStore|x64.ActiveCfg = AppStore|iPhone
		{67FD78C0-3B30-48AD-9625-93C1C739A7B2}.AppStore|x86.ActiveCfg = AppStore|iPhone
		{67FD78C0-3B30-48AD-9625-93C1C739A7B2}.Debug|Any CPU.ActiveCfg = Debug|iPhone
		{67FD78C0-3B30-48AD-9625-93C1C739A7B2}.Debug|ARM.ActiveCfg = Debug|iPhone
		{67FD78C0-3B30-48AD-9625-93C1C739A7B2}.Debug|iPhone.ActiveCfg = Debug|iPhone
		{67FD78C0-3B30-48AD-9625-93C1C739A7B2}.Debug|iPhone.Build.0 = Debug|iPhone
		{67FD78C0-3B30-48AD-9625-93C1C739A7B2}.Debug|iPhoneSimulator.ActiveCfg = Debug|iPhoneSimulator
		{67FD78C0-3B30-48AD-9625-93C1C739A7B2}.Debug|iPhoneSimulator.Build.0 = Debug|iPhoneSimulator
		{67FD78C0-3B30-48AD-9625-93C1C739A7B2}.Debug|x64.ActiveCfg = Debug|iPhone
		{67FD78C0-3B30-48AD-9625-93C1C739A7B2}.Debug|x86.ActiveCfg = Debug|iPhone
		{67FD78C0-3B30-48AD-9625-93C1C739A7B2}.Release|Any CPU.ActiveCfg = Release|iPhone
		{67FD78C0-3B30-48AD-9625-93C1C739A7B2}.Release|ARM.ActiveCfg = Release|iPhone
		{67FD78C0-3B30-48AD-9625-93C1C739A7B2}.Release|iPhone.ActiveCfg = Release|iPhone
		{67FD78C0-3B30-48AD-9625-93C1C739A7B2}.Release|iPhone.Build.0 = Release|iPhone
		{67FD78C0-3B30-48AD-9625-93C1C739A7B2}.Release|iPhoneSimulator.ActiveCfg = Release|iPhoneSimulator
		{67FD78C0-3B30-48AD-9625-93C1C739A7B2}.Release|iPhoneSimulator.Build.0 = Release|iPhoneSimulator
		{67FD78C0-3B30-48AD-9625-93C1C739A7B2}.Release|x64.ActiveCfg = Release|iPhone
		{67FD78C0-3B30-48AD-9625-93C1C739A7B2}.Release|x86.ActiveCfg = Release|iPhone
	EndGlobalSection
	GlobalSection(SolutionProperties) = preSolution
		HideSolutionNode = FALSE
	EndGlobalSection
EndGlobal
